// !$*UTF8*$!
{
	archiveVersion = 1;
	classes = {
	};
	objectVersion = 77;
	objects = {

/* Begin PBXBuildFile section */
		FB0000000000000000000001 /* Assets.xcassets in Resources */ = {isa = PBXBuildFile; fileRef = FA0000000000000000000001 /* Assets.xcassets */; };
		FB0000000000000000000002 /* InstrumentSerif-Regular.ttf in Resources */ = {isa = PBXBuildFile; fileRef = FA0000000000000000000002 /* InstrumentSerif-Regular.ttf */; };
		FB0000000000000000000003 /* InstrumentSerif-Italic.ttf in Resources */ = {isa = PBXBuildFile; fileRef = FA0000000000000000000003 /* InstrumentSerif-Italic.ttf */; };
		05DA2C36A751DEE84A3BC26F /* SavedPlacePreviewImage.swift in Sources */ = {isa = PBXBuildFile; fileRef = E13C1ADE6131666B8A48A012 /* SavedPlacePreviewImage.swift */; };
		0CB281364909AA790A3BA60E /* PlaceCapturePipeline.swift in Sources */ = {isa = PBXBuildFile; fileRef = A4C6CF26521E97BCF0DDC9EB /* PlaceCapturePipeline.swift */; };
		12266529E9B2171917E8FB74 /* LookAroundSnapshotService.swift in Sources */ = {isa = PBXBuildFile; fileRef = 2739E7E9D67A9AA602C2E514 /* LookAroundSnapshotService.swift */; };
		143802473357A4959C0E718A /* PlaceSuggestion.swift in Sources */ = {isa = PBXBuildFile; fileRef = 044AF9D78396F07C8781FB00 /* PlaceSuggestion.swift */; };
		182F6133EF666CEE8C5F00C1 /* LaterrrShareExtension.appex in Embed Foundation Extensions */ = {isa = PBXBuildFile; fileRef = EF878594DFC998A577D4CC8D /* LaterrrShareExtension.appex */; settings = {ATTRIBUTES = (RemoveHeadersOnCopy, ); }; };
		18C82FAECDD30E1064921E70 /* mobileclip_s0_image.mlpackage in Sources */ = {isa = PBXBuildFile; fileRef = F3CDE710D6BF71A2A0D9B78F /* mobileclip_s0_image.mlpackage */; };
		236DC46B9B0B0F9AD17D51D5 /* CaptureViewModel.swift in Sources */ = {isa = PBXBuildFile; fileRef = E57A4359E8BA728E6CA2E494 /* CaptureViewModel.swift */; };
		2658C52F836F2CA7E41DEE05 /* TikTokDescriptionExtractor.swift in Sources */ = {isa = PBXBuildFile; fileRef = FD6C2F9AA08F041886778CA0 /* TikTokDescriptionExtractor.swift */; };
		31722A50A57393AD4626E2B0 /* CameraSessionModel.swift in Sources */ = {isa = PBXBuildFile; fileRef = 9DCDB87AD99F1DF3FD0EE7BC /* CameraSessionModel.swift */; };
		439729F78867E8C033BFD058 /* SavedPlaceDetailView.swift in Sources */ = {isa = PBXBuildFile; fileRef = 6CD11A51632C881EB3AC48D6 /* SavedPlaceDetailView.swift */; };
		50211FF9512D1B07456B0130 /* TikTokImportRoutine.swift in Sources */ = {isa = PBXBuildFile; fileRef = 15885B571A5D9BC588C81031 /* TikTokImportRoutine.swift */; };
		54EBC0CF7F68F60A6665C577 /* TikTokImportURLParser.swift in Sources */ = {isa = PBXBuildFile; fileRef = BDAE8E30DD655258755853B9 /* TikTokImportURLParser.swift */; };
		601EA0174E7D455FA3561014 /* LaterrrVisuals.swift in Sources */ = {isa = PBXBuildFile; fileRef = 492E22026316A922FDE69278 /* LaterrrVisuals.swift */; };
		665587B28B1A71D19C364B8D /* TikTokAppGroup.swift in Sources */ = {isa = PBXBuildFile; fileRef = 4CF50BD3100BB53CB9A233F5 /* TikTokAppGroup.swift */; };
		6A200C8347DA128200CC00C2 /* mobileclip_s0_text.mlpackage in Sources */ = {isa = PBXBuildFile; fileRef = 1862910BD6B7E76B3743D67E /* mobileclip_s0_text.mlpackage */; };
		6B23997F47BFDAC8CCD438A3 /* clip-vocab.json in Resources */ = {isa = PBXBuildFile; fileRef = DBFED253B31B2D16F2C448B6 /* clip-vocab.json */; };
		734C8E1EB805A2B2147E4D93 /* TikTokAppGroup.swift in Sources */ = {isa = PBXBuildFile; fileRef = 4CF50BD3100BB53CB9A233F5 /* TikTokAppGroup.swift */; };
		74E74CC34199D25E59BFD4B8 /* MapsExporter.swift in Sources */ = {isa = PBXBuildFile; fileRef = 3126750A6288313C256DBDB5 /* MapsExporter.swift */; };
		75361D496C52D3913A51FC1D /* PhotoLibraryReviewController.swift in Sources */ = {isa = PBXBuildFile; fileRef = 1C27368F439AF92C309AE64C /* PhotoLibraryReviewController.swift */; };
		7C97B6E94669E22C4D9CBD46 /* VenueTextRecognizer.swift in Sources */ = {isa = PBXBuildFile; fileRef = 87423A59F702089673CCE2A9 /* VenueTextRecognizer.swift */; };
		839996CCE45E0B3C45DB3979 /* SavedPlace.swift in Sources */ = {isa = PBXBuildFile; fileRef = 0E64CD3654264C9E1323B351 /* SavedPlace.swift */; };
		86B836E2C5EDF22784EFFF80 /* PlacesListView.swift in Sources */ = {isa = PBXBuildFile; fileRef = 8DA20D4D691B7507BCA1E86D /* PlacesListView.swift */; };
		8A8DC8D62587858A960A8EC0 /* TikTokVenueResolver.swift in Sources */ = {isa = PBXBuildFile; fileRef = F09E05C189FDA7D5C82434CB /* TikTokVenueResolver.swift */; };
		8E088955F7B90571158AFB08 /* TikTokDescriptionExtractorTests.swift in Sources */ = {isa = PBXBuildFile; fileRef = 2F560927C245D4FD8B4AAC83 /* TikTokDescriptionExtractorTests.swift */; };
		92DF596AABCA1E8881FC06BB /* clip-merges.txt in Resources */ = {isa = PBXBuildFile; fileRef = E0503EDB59EC3AB8153ECA7D /* clip-merges.txt */; };
		93493B5C06F70C0CA6E26BE5 /* CaptureView.swift in Sources */ = {isa = PBXBuildFile; fileRef = 745887AE56C482E44422E82E /* CaptureView.swift */; };
		96AFCFAB74CB183F6EE879CF /* LookAroundVerifier.swift in Sources */ = {isa = PBXBuildFile; fileRef = 7CBB57BF1812A2126FD394F6 /* LookAroundVerifier.swift */; };
		9EB4FBCB04A5B0CF4519275E /* LaterrrApp.swift in Sources */ = {isa = PBXBuildFile; fileRef = 251D4DCD245919DF391337EC /* LaterrrApp.swift */; };
		9ED48515FCA571A2FDECD6AF /* SettingsStore.swift in Sources */ = {isa = PBXBuildFile; fileRef = DE6CF5903E018CB0E839C583 /* SettingsStore.swift */; };
		A342F2D02654BFF17E3BFA7D /* PhotoLibraryReviewView.swift in Sources */ = {isa = PBXBuildFile; fileRef = 1382E5E501BB8A52FA05819C /* PhotoLibraryReviewView.swift */; };
		B4D0E099CAD4F4D6FCD662D5 /* TikTokImportReviewView.swift in Sources */ = {isa = PBXBuildFile; fileRef = 8F3E280B705610F439F88F05 /* TikTokImportReviewView.swift */; };
		B7E17F0A9AEA48468FC22149 /* CLIPTokenizer.swift in Sources */ = {isa = PBXBuildFile; fileRef = DF56C3FC50665CE6AF599245 /* CLIPTokenizer.swift */; };
		B82DFDCF9291E5BA81AC5D5D /* TikTokImportCoordinator.swift in Sources */ = {isa = PBXBuildFile; fileRef = 8166676923CC765AEAC45037 /* TikTokImportCoordinator.swift */; };
		BA523D041E2D0B4B0C6E7E4D /* SavedPlaceSource.swift in Sources */ = {isa = PBXBuildFile; fileRef = FEA9CC20AA4DD40733989536 /* SavedPlaceSource.swift */; };
		BC7D489942D9EBF37F1A6C55 /* RootView.swift in Sources */ = {isa = PBXBuildFile; fileRef = E54173E655D3C7D69B2BDC67 /* RootView.swift */; };
		D13E1489513A12939B9579B0 /* NearbyVenueSearcher.swift in Sources */ = {isa = PBXBuildFile; fileRef = 5FA3335F3AA6E072BD24F2B3 /* NearbyVenueSearcher.swift */; };
		D7A6B2F115FFED623B62B2C3 /* ForegroundHumanDetector.swift in Sources */ = {isa = PBXBuildFile; fileRef = D604A54D6A01C45E442BCC64 /* ForegroundHumanDetector.swift */; };
		DB05AD38679BA7204C94DF87 /* MobileCLIPVenueScorer.swift in Sources */ = {isa = PBXBuildFile; fileRef = 916940500168220B2D87AEE0 /* MobileCLIPVenueScorer.swift */; };
		DD56AEA2A7975EEEB6F6CF03 /* FoodVenueExteriorClassifier.swift in Sources */ = {isa = PBXBuildFile; fileRef = D3F6F248B018857163CC2548 /* FoodVenueExteriorClassifier.swift */; };
		E2FF6B5411ADC6318F47E170 /* TikTokPlaceParser.swift in Sources */ = {isa = PBXBuildFile; fileRef = 755CAF0187C961B09C8CC695 /* TikTokPlaceParser.swift */; };
		E951D768906916561AAC03D2 /* GPT2ByteEncoder.swift in Sources */ = {isa = PBXBuildFile; fileRef = A8A2D05381379E8C8A6453C4 /* GPT2ByteEncoder.swift */; };
		F0B809C3B85F56789BA63C6E /* SavedPlacesMapView.swift in Sources */ = {isa = PBXBuildFile; fileRef = 05F5056D29EB3D0045E156D8 /* SavedPlacesMapView.swift */; };
		F412F74415BD09FAFFF30ECC /* SettingsView.swift in Sources */ = {isa = PBXBuildFile; fileRef = 86D3B8AA1B47A9B4A175E3F3 /* SettingsView.swift */; };
		F4786D104A30680A8257A018 /* ShareViewController.swift in Sources */ = {isa = PBXBuildFile; fileRef = D8212693F75F64B0C10AA073 /* ShareViewController.swift */; };
		F9C90089F45850A8F1D67D5E /* VenueMatcher.swift in Sources */ = {isa = PBXBuildFile; fileRef = 3425E4962518D33AA4A33FBA /* VenueMatcher.swift */; };
		FB04DF3047B4542B3600B0F6 /* LocationStore.swift in Sources */ = {isa = PBXBuildFile; fileRef = FCB3A723AAE07DE2B1541DBE /* LocationStore.swift */; };
		FD836E196152CA6F5E3E8A01 /* VenueMatcherTests.swift in Sources */ = {isa = PBXBuildFile; fileRef = 506741CBC543A514909A74BA /* VenueMatcherTests.swift */; };
/* End PBXBuildFile section */

/* Begin PBXContainerItemProxy section */
		17165AB9FE937B9D234417D5 /* PBXContainerItemProxy */ = {
			isa = PBXContainerItemProxy;
			containerPortal = 105F6FEF4BC3339D0CABE0B0 /* Project object */;
			proxyType = 1;
			remoteGlobalIDString = A2CFED81CA49C8E72BB9BDBD;
			remoteInfo = Laterrr;
		};
		20E89FD6CEE71ED583D781F3 /* PBXContainerItemProxy */ = {
			isa = PBXContainerItemProxy;
			containerPortal = 105F6FEF4BC3339D0CABE0B0 /* Project object */;
			proxyType = 1;
			remoteGlobalIDString = 3059C6C3F6E0D581AC88A444;
			remoteInfo = LaterrrShareExtension;
		};
/* End PBXContainerItemProxy section */

/* Begin PBXFileReference section (Laterrr resources) */
		FA0000000000000000000001 /* Assets.xcassets */ = {isa = PBXFileReference; lastKnownFileType = folder.assetcatalog; path = Assets.xcassets; sourceTree = "<group>"; };
		FA0000000000000000000002 /* InstrumentSerif-Regular.ttf */ = {isa = PBXFileReference; lastKnownFileType = file; path = "InstrumentSerif-Regular.ttf"; sourceTree = "<group>"; };
		FA0000000000000000000003 /* InstrumentSerif-Italic.ttf */ = {isa = PBXFileReference; lastKnownFileType = file; path = "InstrumentSerif-Italic.ttf"; sourceTree = "<group>"; };
/* End PBXFileReference section (Laterrr resources) */

/* Begin PBXCopyFilesBuildPhase section */
		8E81E1EF7CB2EE7CA41C066A /* Embed Foundation Extensions */ = {
			isa = PBXCopyFilesBuildPhase;
			buildActionMask = 2147483647;
			dstPath = "";
			dstSubfolderSpec = 13;
			files = (
				182F6133EF666CEE8C5F00C1 /* LaterrrShareExtension.appex in Embed Foundation Extensions */,
			);
			name = "Embed Foundation Extensions";
			runOnlyForDeploymentPostprocessing = 0;
		};
/* End PBXCopyFilesBuildPhase section */

/* Begin PBXFileReference section */
		044AF9D78396F07C8781FB00 /* PlaceSuggestion.swift */ = {isa = PBXFileReference; lastKnownFileType = sourcecode.swift; path = PlaceSuggestion.swift; sourceTree = "<group>"; };
		05F5056D29EB3D0045E156D8 /* SavedPlacesMapView.swift */ = {isa = PBXFileReference; lastKnownFileType = sourcecode.swift; path = SavedPlacesMapView.swift; sourceTree = "<group>"; };
		0E64CD3654264C9E1323B351 /* SavedPlace.swift */ = {isa = PBXFileReference; lastKnownFileType = sourcecode.swift; path = SavedPlace.swift; sourceTree = "<group>"; };
		1382E5E501BB8A52FA05819C /* PhotoLibraryReviewView.swift */ = {isa = PBXFileReference; lastKnownFileType = sourcecode.swift; path = PhotoLibraryReviewView.swift; sourceTree = "<group>"; };
		15885B571A5D9BC588C81031 /* TikTokImportRoutine.swift */ = {isa = PBXFileReference; lastKnownFileType = sourcecode.swift; path = TikTokImportRoutine.swift; sourceTree = "<group>"; };
		1862910BD6B7E76B3743D67E /* mobileclip_s0_text.mlpackage */ = {isa = PBXFileReference; lastKnownFileType = folder.mlpackage; path = mobileclip_s0_text.mlpackage; sourceTree = "<group>"; };
		1C27368F439AF92C309AE64C /* PhotoLibraryReviewController.swift */ = {isa = PBXFileReference; lastKnownFileType = sourcecode.swift; path = PhotoLibraryReviewController.swift; sourceTree = "<group>"; };
		21126B979BC6B0FA26C6FFBE /* Laterrr.app */ = {isa = PBXFileReference; explicitFileType = wrapper.application; includeInIndex = 0; path = Laterrr.app; sourceTree = BUILT_PRODUCTS_DIR; };
		251D4DCD245919DF391337EC /* LaterrrApp.swift */ = {isa = PBXFileReference; lastKnownFileType = sourcecode.swift; path = LaterrrApp.swift; sourceTree = "<group>"; };
		2739E7E9D67A9AA602C2E514 /* LookAroundSnapshotService.swift */ = {isa = PBXFileReference; lastKnownFileType = sourcecode.swift; path = LookAroundSnapshotService.swift; sourceTree = "<group>"; };
		29A83D02E67CDE16DD9FDF5E /* Laterrr.entitlements */ = {isa = PBXFileReference; lastKnownFileType = text.plist.entitlements; path = Laterrr.entitlements; sourceTree = "<group>"; };
		2F560927C245D4FD8B4AAC83 /* TikTokDescriptionExtractorTests.swift */ = {isa = PBXFileReference; lastKnownFileType = sourcecode.swift; path = TikTokDescriptionExtractorTests.swift; sourceTree = "<group>"; };
		3126750A6288313C256DBDB5 /* MapsExporter.swift */ = {isa = PBXFileReference; lastKnownFileType = sourcecode.swift; path = MapsExporter.swift; sourceTree = "<group>"; };
		3425E4962518D33AA4A33FBA /* VenueMatcher.swift */ = {isa = PBXFileReference; lastKnownFileType = sourcecode.swift; path = VenueMatcher.swift; sourceTree = "<group>"; };
		492E22026316A922FDE69278 /* LaterrrVisuals.swift */ = {isa = PBXFileReference; lastKnownFileType = sourcecode.swift; path = LaterrrVisuals.swift; sourceTree = "<group>"; };
		4CF50BD3100BB53CB9A233F5 /* TikTokAppGroup.swift */ = {isa = PBXFileReference; lastKnownFileType = sourcecode.swift; path = TikTokAppGroup.swift; sourceTree = "<group>"; };
		506741CBC543A514909A74BA /* VenueMatcherTests.swift */ = {isa = PBXFileReference; lastKnownFileType = sourcecode.swift; path = VenueMatcherTests.swift; sourceTree = "<group>"; };
		5AD9AAA67BEEB6232C06E6A5 /* LaterrrShareExtension.entitlements */ = {isa = PBXFileReference; lastKnownFileType = text.plist.entitlements; path = LaterrrShareExtension.entitlements; sourceTree = "<group>"; };
		5FA3335F3AA6E072BD24F2B3 /* NearbyVenueSearcher.swift */ = {isa = PBXFileReference; lastKnownFileType = sourcecode.swift; path = NearbyVenueSearcher.swift; sourceTree = "<group>"; };
		6CD11A51632C881EB3AC48D6 /* SavedPlaceDetailView.swift */ = {isa = PBXFileReference; lastKnownFileType = sourcecode.swift; path = SavedPlaceDetailView.swift; sourceTree = "<group>"; };
		745887AE56C482E44422E82E /* CaptureView.swift */ = {isa = PBXFileReference; lastKnownFileType = sourcecode.swift; path = CaptureView.swift; sourceTree = "<group>"; };
		755CAF0187C961B09C8CC695 /* TikTokPlaceParser.swift */ = {isa = PBXFileReference; lastKnownFileType = sourcecode.swift; path = TikTokPlaceParser.swift; sourceTree = "<group>"; };
		7AB6498EAFA589926CC7DA7C /* Info.plist */ = {isa = PBXFileReference; lastKnownFileType = text.plist; path = Info.plist; sourceTree = "<group>"; };
		7CBB57BF1812A2126FD394F6 /* LookAroundVerifier.swift */ = {isa = PBXFileReference; lastKnownFileType = sourcecode.swift; path = LookAroundVerifier.swift; sourceTree = "<group>"; };
		8166676923CC765AEAC45037 /* TikTokImportCoordinator.swift */ = {isa = PBXFileReference; lastKnownFileType = sourcecode.swift; path = TikTokImportCoordinator.swift; sourceTree = "<group>"; };
		86D3B8AA1B47A9B4A175E3F3 /* SettingsView.swift */ = {isa = PBXFileReference; lastKnownFileType = sourcecode.swift; path = SettingsView.swift; sourceTree = "<group>"; };
		87423A59F702089673CCE2A9 /* VenueTextRecognizer.swift */ = {isa = PBXFileReference; lastKnownFileType = sourcecode.swift; path = VenueTextRecognizer.swift; sourceTree = "<group>"; };
		8DA20D4D691B7507BCA1E86D /* PlacesListView.swift */ = {isa = PBXFileReference; lastKnownFileType = sourcecode.swift; path = PlacesListView.swift; sourceTree = "<group>"; };
		8F3E280B705610F439F88F05 /* TikTokImportReviewView.swift */ = {isa = PBXFileReference; lastKnownFileType = sourcecode.swift; path = TikTokImportReviewView.swift; sourceTree = "<group>"; };
		916940500168220B2D87AEE0 /* MobileCLIPVenueScorer.swift */ = {isa = PBXFileReference; lastKnownFileType = sourcecode.swift; path = MobileCLIPVenueScorer.swift; sourceTree = "<group>"; };
		9DCDB87AD99F1DF3FD0EE7BC /* CameraSessionModel.swift */ = {isa = PBXFileReference; lastKnownFileType = sourcecode.swift; path = CameraSessionModel.swift; sourceTree = "<group>"; };
		A4C6CF26521E97BCF0DDC9EB /* PlaceCapturePipeline.swift */ = {isa = PBXFileReference; lastKnownFileType = sourcecode.swift; path = PlaceCapturePipeline.swift; sourceTree = "<group>"; };
		A8A2D05381379E8C8A6453C4 /* GPT2ByteEncoder.swift */ = {isa = PBXFileReference; lastKnownFileType = sourcecode.swift; path = GPT2ByteEncoder.swift; sourceTree = "<group>"; };
		BDAE8E30DD655258755853B9 /* TikTokImportURLParser.swift */ = {isa = PBXFileReference; lastKnownFileType = sourcecode.swift; path = TikTokImportURLParser.swift; sourceTree = "<group>"; };
		D3F6F248B018857163CC2548 /* FoodVenueExteriorClassifier.swift */ = {isa = PBXFileReference; lastKnownFileType = sourcecode.swift; path = FoodVenueExteriorClassifier.swift; sourceTree = "<group>"; };
		D604A54D6A01C45E442BCC64 /* ForegroundHumanDetector.swift */ = {isa = PBXFileReference; lastKnownFileType = sourcecode.swift; path = ForegroundHumanDetector.swift; sourceTree = "<group>"; };
		D8212693F75F64B0C10AA073 /* ShareViewController.swift */ = {isa = PBXFileReference; lastKnownFileType = sourcecode.swift; path = ShareViewController.swift; sourceTree = "<group>"; };
		DBFED253B31B2D16F2C448B6 /* clip-vocab.json */ = {isa = PBXFileReference; lastKnownFileType = text.json; path = "clip-vocab.json"; sourceTree = "<group>"; };
		DE6CF5903E018CB0E839C583 /* SettingsStore.swift */ = {isa = PBXFileReference; lastKnownFileType = sourcecode.swift; path = SettingsStore.swift; sourceTree = "<group>"; };
		DF56C3FC50665CE6AF599245 /* CLIPTokenizer.swift */ = {isa = PBXFileReference; lastKnownFileType = sourcecode.swift; path = CLIPTokenizer.swift; sourceTree = "<group>"; };
		E0503EDB59EC3AB8153ECA7D /* clip-merges.txt */ = {isa = PBXFileReference; lastKnownFileType = text; path = "clip-merges.txt"; sourceTree = "<group>"; };
		E13C1ADE6131666B8A48A012 /* SavedPlacePreviewImage.swift */ = {isa = PBXFileReference; lastKnownFileType = sourcecode.swift; path = SavedPlacePreviewImage.swift; sourceTree = "<group>"; };
		E3BF0955D8FA4D706137B112 /* LaterrrTests.xctest */ = {isa = PBXFileReference; includeInIndex = 0; lastKnownFileType = wrapper.cfbundle; path = LaterrrTests.xctest; sourceTree = BUILT_PRODUCTS_DIR; };
		E54173E655D3C7D69B2BDC67 /* RootView.swift */ = {isa = PBXFileReference; lastKnownFileType = sourcecode.swift; path = RootView.swift; sourceTree = "<group>"; };
		E57A4359E8BA728E6CA2E494 /* CaptureViewModel.swift */ = {isa = PBXFileReference; lastKnownFileType = sourcecode.swift; path = CaptureViewModel.swift; sourceTree = "<group>"; };
		EF878594DFC998A577D4CC8D /* LaterrrShareExtension.appex */ = {isa = PBXFileReference; explicitFileType = "wrapper.app-extension"; includeInIndex = 0; path = LaterrrShareExtension.appex; sourceTree = BUILT_PRODUCTS_DIR; };
		F09E05C189FDA7D5C82434CB /* TikTokVenueResolver.swift */ = {isa = PBXFileReference; lastKnownFileType = sourcecode.swift; path = TikTokVenueResolver.swift; sourceTree = "<group>"; };
		F3CDE710D6BF71A2A0D9B78F /* mobileclip_s0_image.mlpackage */ = {isa = PBXFileReference; lastKnownFileType = folder.mlpackage; path = mobileclip_s0_image.mlpackage; sourceTree = "<group>"; };
		FCB3A723AAE07DE2B1541DBE /* LocationStore.swift */ = {isa = PBXFileReference; lastKnownFileType = sourcecode.swift; path = LocationStore.swift; sourceTree = "<group>"; };
		FD6C2F9AA08F041886778CA0 /* TikTokDescriptionExtractor.swift */ = {isa = PBXFileReference; lastKnownFileType = sourcecode.swift; path = TikTokDescriptionExtractor.swift; sourceTree = "<group>"; };
		FEA9CC20AA4DD40733989536 /* SavedPlaceSource.swift */ = {isa = PBXFileReference; lastKnownFileType = sourcecode.swift; path = SavedPlaceSource.swift; sourceTree = "<group>"; };
/* End PBXFileReference section */

/* Begin PBXGroup section */
		270AA5054290C9CC3A08A0AE /* Features */ = {
			isa = PBXGroup;
			children = (
				DDA626A6EF7AF43C5B81B8AE /* Capture */,
				69F7E87138DCEB2378B476D8 /* Places */,
				4A06273162BB6CB4E8853016 /* Settings */,
				9B2D42B87076D81D11908F08 /* TikTok */,
			);
			path = Features;
			sourceTree = "<group>";
		};
		2AB97CDFA613FA01230C1C86 /* Tokenizer */ = {
			isa = PBXGroup;
			children = (
				E0503EDB59EC3AB8153ECA7D /* clip-merges.txt */,
				DBFED253B31B2D16F2C448B6 /* clip-vocab.json */,
			);
			path = Tokenizer;
			sourceTree = "<group>";
		};
		33CF948A45BD86EFEED48F49 /* Resources */ = {
			isa = PBXGroup;
			children = (
				FA0000000000000000000001 /* Assets.xcassets */,
				FA0000000000000000000004 /* Fonts */,
				A85EEB539F2386CAF26BCE83 /* MobileCLIP */,
			);
			path = Resources;
			sourceTree = "<group>";
		};
		FA0000000000000000000004 /* Fonts */ = {
			isa = PBXGroup;
			children = (
				FA0000000000000000000002 /* InstrumentSerif-Regular.ttf */,
				FA0000000000000000000003 /* InstrumentSerif-Italic.ttf */,
			);
			path = Fonts;
			sourceTree = "<group>";
		};
		3FB7069F39AB585488E2CFEE = {
			isa = PBXGroup;
			children = (
				F4CC31B0BCCF35381B0BAE70 /* Laterrr */,
				5A64893DD7FD31E1FE15BB92 /* LaterrrShareExtension */,
				B3825EE0271C3F42D32AEA3C /* LaterrrTests */,
				C2D066893D14EE36EC24CE87 /* Products */,
			);
			sourceTree = "<group>";
		};
		4A06273162BB6CB4E8853016 /* Settings */ = {
			isa = PBXGroup;
			children = (
				86D3B8AA1B47A9B4A175E3F3 /* SettingsView.swift */,
			);
			path = Settings;
			sourceTree = "<group>";
		};
		55950886F6D9CCFD33F8D6DD /* Models */ = {
			isa = PBXGroup;
			children = (
				044AF9D78396F07C8781FB00 /* PlaceSuggestion.swift */,
				0E64CD3654264C9E1323B351 /* SavedPlace.swift */,
				FEA9CC20AA4DD40733989536 /* SavedPlaceSource.swift */,
			);
			path = Models;
			sourceTree = "<group>";
		};
		5A64893DD7FD31E1FE15BB92 /* LaterrrShareExtension */ = {
			isa = PBXGroup;
			children = (
				7AB6498EAFA589926CC7DA7C /* Info.plist */,
				5AD9AAA67BEEB6232C06E6A5 /* LaterrrShareExtension.entitlements */,
				D8212693F75F64B0C10AA073 /* ShareViewController.swift */,
			);
			path = LaterrrShareExtension;
			sourceTree = "<group>";
		};
		60F0FCC294FE6AD2427910B3 /* MobileCLIP */ = {
			isa = PBXGroup;
			children = (
				DF56C3FC50665CE6AF599245 /* CLIPTokenizer.swift */,
				A8A2D05381379E8C8A6453C4 /* GPT2ByteEncoder.swift */,
				916940500168220B2D87AEE0 /* MobileCLIPVenueScorer.swift */,
			);
			path = MobileCLIP;
			sourceTree = "<group>";
		};
		622D23F8A1AEA8C5E6D8358C /* App */ = {
			isa = PBXGroup;
			children = (
				251D4DCD245919DF391337EC /* LaterrrApp.swift */,
				E54173E655D3C7D69B2BDC67 /* RootView.swift */,
			);
			path = App;
			sourceTree = "<group>";
		};
		69F7E87138DCEB2378B476D8 /* Places */ = {
			isa = PBXGroup;
			children = (
				1C27368F439AF92C309AE64C /* PhotoLibraryReviewController.swift */,
				1382E5E501BB8A52FA05819C /* PhotoLibraryReviewView.swift */,
				8DA20D4D691B7507BCA1E86D /* PlacesListView.swift */,
				6CD11A51632C881EB3AC48D6 /* SavedPlaceDetailView.swift */,
				E13C1ADE6131666B8A48A012 /* SavedPlacePreviewImage.swift */,
				05F5056D29EB3D0045E156D8 /* SavedPlacesMapView.swift */,
			);
			path = Places;
			sourceTree = "<group>";
		};
		9B2D42B87076D81D11908F08 /* TikTok */ = {
			isa = PBXGroup;
			children = (
				8F3E280B705610F439F88F05 /* TikTokImportReviewView.swift */,
			);
			path = TikTok;
			sourceTree = "<group>";
		};
		A85EEB539F2386CAF26BCE83 /* MobileCLIP */ = {
			isa = PBXGroup;
			children = (
				F3CDE710D6BF71A2A0D9B78F /* mobileclip_s0_image.mlpackage */,
				1862910BD6B7E76B3743D67E /* mobileclip_s0_text.mlpackage */,
				2AB97CDFA613FA01230C1C86 /* Tokenizer */,
			);
			path = MobileCLIP;
			sourceTree = "<group>";
		};
		B3825EE0271C3F42D32AEA3C /* LaterrrTests */ = {
			isa = PBXGroup;
			children = (
				2F560927C245D4FD8B4AAC83 /* TikTokDescriptionExtractorTests.swift */,
				506741CBC543A514909A74BA /* VenueMatcherTests.swift */,
			);
			path = LaterrrTests;
			sourceTree = "<group>";
		};
		C2D066893D14EE36EC24CE87 /* Products */ = {
			isa = PBXGroup;
			children = (
				21126B979BC6B0FA26C6FFBE /* Laterrr.app */,
				EF878594DFC998A577D4CC8D /* LaterrrShareExtension.appex */,
				E3BF0955D8FA4D706137B112 /* LaterrrTests.xctest */,
			);
			name = Products;
			sourceTree = "<group>";
		};
		C4FE53F4D4F8F463CFAA0D8D /* TikTok */ = {
			isa = PBXGroup;
			children = (
				4CF50BD3100BB53CB9A233F5 /* TikTokAppGroup.swift */,
				FD6C2F9AA08F041886778CA0 /* TikTokDescriptionExtractor.swift */,
				8166676923CC765AEAC45037 /* TikTokImportCoordinator.swift */,
				15885B571A5D9BC588C81031 /* TikTokImportRoutine.swift */,
				BDAE8E30DD655258755853B9 /* TikTokImportURLParser.swift */,
				755CAF0187C961B09C8CC695 /* TikTokPlaceParser.swift */,
				F09E05C189FDA7D5C82434CB /* TikTokVenueResolver.swift */,
			);
			path = TikTok;
			sourceTree = "<group>";
		};
		CE99F087C9E7A7766EE9DCAD /* Shared */ = {
			isa = PBXGroup;
			children = (
				492E22026316A922FDE69278 /* LaterrrVisuals.swift */,
			);
			path = Shared;
			sourceTree = "<group>";
		};
		DDA626A6EF7AF43C5B81B8AE /* Capture */ = {
			isa = PBXGroup;
			children = (
				745887AE56C482E44422E82E /* CaptureView.swift */,
				E57A4359E8BA728E6CA2E494 /* CaptureViewModel.swift */,
			);
			path = Capture;
			sourceTree = "<group>";
		};
		EF53190DF8649A12BD309C02 /* Services */ = {
			isa = PBXGroup;
			children = (
				9DCDB87AD99F1DF3FD0EE7BC /* CameraSessionModel.swift */,
				D3F6F248B018857163CC2548 /* FoodVenueExteriorClassifier.swift */,
				D604A54D6A01C45E442BCC64 /* ForegroundHumanDetector.swift */,
				FCB3A723AAE07DE2B1541DBE /* LocationStore.swift */,
				2739E7E9D67A9AA602C2E514 /* LookAroundSnapshotService.swift */,
				7CBB57BF1812A2126FD394F6 /* LookAroundVerifier.swift */,
				3126750A6288313C256DBDB5 /* MapsExporter.swift */,
				5FA3335F3AA6E072BD24F2B3 /* NearbyVenueSearcher.swift */,
				A4C6CF26521E97BCF0DDC9EB /* PlaceCapturePipeline.swift */,
				DE6CF5903E018CB0E839C583 /* SettingsStore.swift */,
				3425E4962518D33AA4A33FBA /* VenueMatcher.swift */,
				87423A59F702089673CCE2A9 /* VenueTextRecognizer.swift */,
				60F0FCC294FE6AD2427910B3 /* MobileCLIP */,
				C4FE53F4D4F8F463CFAA0D8D /* TikTok */,
			);
			path = Services;
			sourceTree = "<group>";
		};
		F4CC31B0BCCF35381B0BAE70 /* Laterrr */ = {
			isa = PBXGroup;
			children = (
				29A83D02E67CDE16DD9FDF5E /* Laterrr.entitlements */,
				622D23F8A1AEA8C5E6D8358C /* App */,
				270AA5054290C9CC3A08A0AE /* Features */,
				55950886F6D9CCFD33F8D6DD /* Models */,
				33CF948A45BD86EFEED48F49 /* Resources */,
				EF53190DF8649A12BD309C02 /* Services */,
				CE99F087C9E7A7766EE9DCAD /* Shared */,
			);
			path = Laterrr;
			sourceTree = "<group>";
		};
/* End PBXGroup section */

/* Begin PBXNativeTarget section */
		2C9374DC73B999913910924C /* LaterrrTests */ = {
			isa = PBXNativeTarget;
			buildConfigurationList = 5DD737613E96CD29D76C6F87 /* Build configuration list for PBXNativeTarget "LaterrrTests" */;
			buildPhases = (
				C356B39789F127FF7E5371DC /* Sources */,
			);
			buildRules = (
			);
			dependencies = (
				8EEC352CCA8F5D0EF68D9B11 /* PBXTargetDependency */,
			);
			name = LaterrrTests;
			packageProductDependencies = (
			);
			productName = LaterrrTests;
			productReference = E3BF0955D8FA4D706137B112 /* LaterrrTests.xctest */;
			productType = "com.apple.product-type.bundle.unit-test";
		};
		3059C6C3F6E0D581AC88A444 /* LaterrrShareExtension */ = {
			isa = PBXNativeTarget;
			buildConfigurationList = DCCBE0B46F04D9489CBD2FC6 /* Build configuration list for PBXNativeTarget "LaterrrShareExtension" */;
			buildPhases = (
				4E2B98BB5FE5C8B3DAAAA1AC /* Sources */,
			);
			buildRules = (
			);
			dependencies = (
			);
			name = LaterrrShareExtension;
			packageProductDependencies = (
			);
			productName = LaterrrShareExtension;
			productReference = EF878594DFC998A577D4CC8D /* LaterrrShareExtension.appex */;
			productType = "com.apple.product-type.app-extension";
		};
		A2CFED81CA49C8E72BB9BDBD /* Laterrr */ = {
			isa = PBXNativeTarget;
			buildConfigurationList = 83F58245680507D15FDEC0C1 /* Build configuration list for PBXNativeTarget "Laterrr" */;
			buildPhases = (
				8597D24451D2EFCFFA4CD568 /* Sources */,
				5BD735710299D29FC31E78B1 /* Resources */,
				8E81E1EF7CB2EE7CA41C066A /* Embed Foundation Extensions */,
			);
			buildRules = (
			);
			dependencies = (
				D502149F233DDA8DE6E5F944 /* PBXTargetDependency */,
			);
			name = Laterrr;
			packageProductDependencies = (
			);
			productName = Laterrr;
			productReference = 21126B979BC6B0FA26C6FFBE /* Laterrr.app */;
			productType = "com.apple.product-type.application";
		};
/* End PBXNativeTarget section */

/* Begin PBXProject section */
		105F6FEF4BC3339D0CABE0B0 /* Project object */ = {
			isa = PBXProject;
			attributes = {
				BuildIndependentTargetsInParallel = YES;
				LastUpgradeCheck = 2600;
			};
			buildConfigurationList = 277E7E09785A44AD11185EEC /* Build configuration list for PBXProject "Laterrr" */;
			developmentRegion = en;
			hasScannedForEncodings = 0;
			knownRegions = (
				Base,
				en,
			);
			mainGroup = 3FB7069F39AB585488E2CFEE;
			minimizedProjectReferenceProxies = 1;
			preferredProjectObjectVersion = 77;
			productRefGroup = C2D066893D14EE36EC24CE87 /* Products */;
			projectDirPath = "";
			projectRoot = "";
			targets = (
				A2CFED81CA49C8E72BB9BDBD /* Laterrr */,
				3059C6C3F6E0D581AC88A444 /* LaterrrShareExtension */,
				2C9374DC73B999913910924C /* LaterrrTests */,
			);
		};
/* End PBXProject section */

/* Begin PBXResourcesBuildPhase section */
		5BD735710299D29FC31E78B1 /* Resources */ = {
			isa = PBXResourcesBuildPhase;
			buildActionMask = 2147483647;
			files = (
				92DF596AABCA1E8881FC06BB /* clip-merges.txt in Resources */,
				6B23997F47BFDAC8CCD438A3 /* clip-vocab.json in Resources */,
				FB0000000000000000000001 /* Assets.xcassets in Resources */,
				FB0000000000000000000002 /* InstrumentSerif-Regular.ttf in Resources */,
				FB0000000000000000000003 /* InstrumentSerif-Italic.ttf in Resources */,
			);
			runOnlyForDeploymentPostprocessing = 0;
		};
/* End PBXResourcesBuildPhase section */

/* Begin PBXSourcesBuildPhase section */
		4E2B98BB5FE5C8B3DAAAA1AC /* Sources */ = {
			isa = PBXSourcesBuildPhase;
			buildActionMask = 2147483647;
			files = (
				F4786D104A30680A8257A018 /* ShareViewController.swift in Sources */,
				734C8E1EB805A2B2147E4D93 /* TikTokAppGroup.swift in Sources */,
			);
			runOnlyForDeploymentPostprocessing = 0;
		};
		8597D24451D2EFCFFA4CD568 /* Sources */ = {
			isa = PBXSourcesBuildPhase;
			buildActionMask = 2147483647;
			files = (
				B7E17F0A9AEA48468FC22149 /* CLIPTokenizer.swift in Sources */,
				31722A50A57393AD4626E2B0 /* CameraSessionModel.swift in Sources */,
				93493B5C06F70C0CA6E26BE5 /* CaptureView.swift in Sources */,
				236DC46B9B0B0F9AD17D51D5 /* CaptureViewModel.swift in Sources */,
				DD56AEA2A7975EEEB6F6CF03 /* FoodVenueExteriorClassifier.swift in Sources */,
				D7A6B2F115FFED623B62B2C3 /* ForegroundHumanDetector.swift in Sources */,
				E951D768906916561AAC03D2 /* GPT2ByteEncoder.swift in Sources */,
				9EB4FBCB04A5B0CF4519275E /* LaterrrApp.swift in Sources */,
				601EA0174E7D455FA3561014 /* LaterrrVisuals.swift in Sources */,
				FB04DF3047B4542B3600B0F6 /* LocationStore.swift in Sources */,
				12266529E9B2171917E8FB74 /* LookAroundSnapshotService.swift in Sources */,
				96AFCFAB74CB183F6EE879CF /* LookAroundVerifier.swift in Sources */,
				74E74CC34199D25E59BFD4B8 /* MapsExporter.swift in Sources */,
				DB05AD38679BA7204C94DF87 /* MobileCLIPVenueScorer.swift in Sources */,
				D13E1489513A12939B9579B0 /* NearbyVenueSearcher.swift in Sources */,
				75361D496C52D3913A51FC1D /* PhotoLibraryReviewController.swift in Sources */,
				A342F2D02654BFF17E3BFA7D /* PhotoLibraryReviewView.swift in Sources */,
				0CB281364909AA790A3BA60E /* PlaceCapturePipeline.swift in Sources */,
				143802473357A4959C0E718A /* PlaceSuggestion.swift in Sources */,
				86B836E2C5EDF22784EFFF80 /* PlacesListView.swift in Sources */,
				BC7D489942D9EBF37F1A6C55 /* RootView.swift in Sources */,
				839996CCE45E0B3C45DB3979 /* SavedPlace.swift in Sources */,
				439729F78867E8C033BFD058 /* SavedPlaceDetailView.swift in Sources */,
				05DA2C36A751DEE84A3BC26F /* SavedPlacePreviewImage.swift in Sources */,
				BA523D041E2D0B4B0C6E7E4D /* SavedPlaceSource.swift in Sources */,
				F0B809C3B85F56789BA63C6E /* SavedPlacesMapView.swift in Sources */,
				9ED48515FCA571A2FDECD6AF /* SettingsStore.swift in Sources */,
				F412F74415BD09FAFFF30ECC /* SettingsView.swift in Sources */,
				665587B28B1A71D19C364B8D /* TikTokAppGroup.swift in Sources */,
				2658C52F836F2CA7E41DEE05 /* TikTokDescriptionExtractor.swift in Sources */,
				B82DFDCF9291E5BA81AC5D5D /* TikTokImportCoordinator.swift in Sources */,
				B4D0E099CAD4F4D6FCD662D5 /* TikTokImportReviewView.swift in Sources */,
				50211FF9512D1B07456B0130 /* TikTokImportRoutine.swift in Sources */,
				54EBC0CF7F68F60A6665C577 /* TikTokImportURLParser.swift in Sources */,
				E2FF6B5411ADC6318F47E170 /* TikTokPlaceParser.swift in Sources */,
				8A8DC8D62587858A960A8EC0 /* TikTokVenueResolver.swift in Sources */,
				F9C90089F45850A8F1D67D5E /* VenueMatcher.swift in Sources */,
				7C97B6E94669E22C4D9CBD46 /* VenueTextRecognizer.swift in Sources */,
				18C82FAECDD30E1064921E70 /* mobileclip_s0_image.mlpackage in Sources */,
				6A200C8347DA128200CC00C2 /* mobileclip_s0_text.mlpackage in Sources */,
			);
			runOnlyForDeploymentPostprocessing = 0;
		};
		C356B39789F127FF7E5371DC /* Sources */ = {
			isa = PBXSourcesBuildPhase;
			buildActionMask = 2147483647;
			files = (
				8E088955F7B90571158AFB08 /* TikTokDescriptionExtractorTests.swift in Sources */,
				FD836E196152CA6F5E3E8A01 /* VenueMatcherTests.swift in Sources */,
			);
			runOnlyForDeploymentPostprocessing = 0;
		};
/* End PBXSourcesBuildPhase section */

/* Begin PBXTargetDependency section */
		8EEC352CCA8F5D0EF68D9B11 /* PBXTargetDependency */ = {
			isa = PBXTargetDependency;
			target = A2CFED81CA49C8E72BB9BDBD /* Laterrr */;
			targetProxy = 17165AB9FE937B9D234417D5 /* PBXContainerItemProxy */;
		};
		D502149F233DDA8DE6E5F944 /* PBXTargetDependency */ = {
			isa = PBXTargetDependency;
			target = 3059C6C3F6E0D581AC88A444 /* LaterrrShareExtension */;
			targetProxy = 20E89FD6CEE71ED583D781F3 /* PBXContainerItemProxy */;
		};
/* End PBXTargetDependency section */

/* Begin XCBuildConfiguration section */
		1B74064EDC60DE1F45D1C8C1 /* Release */ = {
			isa = XCBuildConfiguration;
			buildSettings = {
				ASSETCATALOG_COMPILER_APPICON_NAME = AppIcon;
				CODE_SIGN_ENTITLEMENTS = Laterrr/Laterrr.entitlements;
				CODE_SIGN_IDENTITY = "iPhone Developer";
				DEVELOPMENT_TEAM = Y87N56NU8Z;
				GENERATE_INFOPLIST_FILE = YES;
				INFOPLIST_KEY_CFBundleDisplayName = laterrr;
				INFOPLIST_KEY_NSCameraUsageDescription = "laterrr opens straight into camera mode so you can identify nearby cafes and restaurants from a photo.";
				INFOPLIST_KEY_NSLocationWhenInUseUsageDescription = "laterrr uses your location to compare the photo against nearby venues in Apple Maps.";
				INFOPLIST_KEY_NSPhotoLibraryAddUsageDescription = "laterrr can keep a photo snapshot with each saved place when you want visual memory.";
				INFOPLIST_KEY_NSPhotoLibraryUsageDescription = "laterrr can import a venue photo from your library when you do not want to shoot live.";
				INFOPLIST_KEY_UIApplicationSupportsIndirectInputEvents = YES;
				INFOPLIST_KEY_UILaunchScreen_Generation = YES;
				INFOPLIST_KEY_UISupportedInterfaceOrientations_iPad = "UIInterfaceOrientationPortrait UIInterfaceOrientationPortraitUpsideDown UIInterfaceOrientationLandscapeLeft UIInterfaceOrientationLandscapeRight";
				INFOPLIST_KEY_UISupportedInterfaceOrientations_iPhone = "UIInterfaceOrientationPortrait UIInterfaceOrientationLandscapeLeft UIInterfaceOrientationLandscapeRight";
				IPHONEOS_DEPLOYMENT_TARGET = 26.0;
				LD_RUNPATH_SEARCH_PATHS = (
					"$(inherited)",
					"@executable_path/Frameworks",
				);
				PRODUCT_BUNDLE_IDENTIFIER = co.amo.com.example.Laterrr;
				SDKROOT = iphoneos;
				SUPPORTS_MACCATALYST = NO;
				TARGETED_DEVICE_FAMILY = "1,2";
			};
			name = Release;
		};
		3276034628D3E95BB17A427E /* Release */ = {
			isa = XCBuildConfiguration;
			buildSettings = {
				APPLICATION_EXTENSION_API_ONLY = YES;
				CODE_SIGN_ENTITLEMENTS = LaterrrShareExtension/LaterrrShareExtension.entitlements;
				DEVELOPMENT_TEAM = Y87N56NU8Z;
				GENERATE_INFOPLIST_FILE = NO;
				INFOPLIST_FILE = LaterrrShareExtension/Info.plist;
				IPHONEOS_DEPLOYMENT_TARGET = 26.0;
				LD_RUNPATH_SEARCH_PATHS = (
					"$(inherited)",
					"@executable_path/Frameworks",
					"@executable_path/../../Frameworks",
				);
				PRODUCT_BUNDLE_IDENTIFIER = co.amo.com.example.Laterrr.ShareExtension;
				SDKROOT = iphoneos;
				SUPPORTS_MACCATALYST = NO;
				TARGETED_DEVICE_FAMILY = "1,2";
			};
			name = Release;
		};
		34BC59141D449B82E977FAE0 /* Debug */ = {
			isa = XCBuildConfiguration;
			buildSettings = {
				BUNDLE_LOADER = "$(TEST_HOST)";
				GENERATE_INFOPLIST_FILE = YES;
				IPHONEOS_DEPLOYMENT_TARGET = 26.0;
				LD_RUNPATH_SEARCH_PATHS = (
					"$(inherited)",
					"@executable_path/Frameworks",
					"@loader_path/Frameworks",
				);
				PRODUCT_BUNDLE_IDENTIFIER = com.example.LaterrrTests;
				SDKROOT = iphoneos;
				TARGETED_DEVICE_FAMILY = "1,2";
				TEST_HOST = "$(BUILT_PRODUCTS_DIR)/Laterrr.app/Laterrr";
			};
			name = Debug;
		};
		519F9ACC630B074CC1FB4D6F /* Debug */ = {
			isa = XCBuildConfiguration;
			buildSettings = {
				ALWAYS_SEARCH_USER_PATHS = NO;
				CLANG_ANALYZER_NONNULL = YES;
				CLANG_ANALYZER_NUMBER_OBJECT_CONVERSION = YES_AGGRESSIVE;
				CLANG_CXX_LANGUAGE_STANDARD = "gnu++14";
				CLANG_CXX_LIBRARY = "libc++";
				CLANG_ENABLE_MODULES = YES;
				CLANG_ENABLE_OBJC_ARC = YES;
				CLANG_ENABLE_OBJC_WEAK = YES;
				CLANG_WARN_BLOCK_CAPTURE_AUTORELEASING = YES;
				CLANG_WARN_BOOL_CONVERSION = YES;
				CLANG_WARN_COMMA = YES;
				CLANG_WARN_CONSTANT_CONVERSION = YES;
				CLANG_WARN_DEPRECATED_OBJC_IMPLEMENTATIONS = YES;
				CLANG_WARN_DIRECT_OBJC_ISA_USAGE = YES_ERROR;
				CLANG_WARN_DOCUMENTATION_COMMENTS = YES;
				CLANG_WARN_EMPTY_BODY = YES;
				CLANG_WARN_ENUM_CONVERSION = YES;
				CLANG_WARN_INFINITE_RECURSION = YES;
				CLANG_WARN_INT_CONVERSION = YES;
				CLANG_WARN_NON_LITERAL_NULL_CONVERSION = YES;
				CLANG_WARN_OBJC_IMPLICIT_RETAIN_SELF = YES;
				CLANG_WARN_OBJC_LITERAL_CONVERSION = YES;
				CLANG_WARN_OBJC_ROOT_CLASS = YES_ERROR;
				CLANG_WARN_QUOTED_INCLUDE_IN_FRAMEWORK_HEADER = YES;
				CLANG_WARN_RANGE_LOOP_ANALYSIS = YES;
				CLANG_WARN_STRICT_PROTOTYPES = YES;
				CLANG_WARN_SUSPICIOUS_MOVE = YES;
				CLANG_WARN_UNGUARDED_AVAILABILITY = YES_AGGRESSIVE;
				CLANG_WARN_UNREACHABLE_CODE = YES;
				CLANG_WARN__DUPLICATE_METHOD_MATCH = YES;
				COPY_PHASE_STRIP = NO;
				CURRENT_PROJECT_VERSION = 1;
				DEBUG_INFORMATION_FORMAT = dwarf;
				ENABLE_PREVIEWS = YES;
				ENABLE_STRICT_OBJC_MSGSEND = YES;
				ENABLE_TESTABILITY = YES;
				GCC_C_LANGUAGE_STANDARD = gnu11;
				GCC_DYNAMIC_NO_PIC = NO;
				GCC_NO_COMMON_BLOCKS = YES;
				GCC_OPTIMIZATION_LEVEL = 0;
				GCC_PREPROCESSOR_DEFINITIONS = (
					"$(inherited)",
					"DEBUG=1",
				);
				GCC_WARN_64_TO_32_BIT_CONVERSION = YES;
				GCC_WARN_ABOUT_RETURN_TYPE = YES_ERROR;
				GCC_WARN_UNDECLARED_SELECTOR = YES;
				GCC_WARN_UNINITIALIZED_AUTOS = YES_AGGRESSIVE;
				GCC_WARN_UNUSED_FUNCTION = YES;
				GCC_WARN_UNUSED_VARIABLE = YES;
				MARKETING_VERSION = 0.1.0;
				MTL_ENABLE_DEBUG_INFO = INCLUDE_SOURCE;
				MTL_FAST_MATH = YES;
				ONLY_ACTIVE_ARCH = YES;
				PRODUCT_NAME = "$(TARGET_NAME)";
				SDKROOT = iphoneos;
				SWIFT_ACTIVE_COMPILATION_CONDITIONS = DEBUG;
				SWIFT_EMIT_LOC_STRINGS = YES;
				SWIFT_OPTIMIZATION_LEVEL = "-Onone";
				SWIFT_VERSION = 6.0;
			};
			name = Debug;
		};
		67A5CA100764E3687A0D1749 /* Release */ = {
			isa = XCBuildConfiguration;
			buildSettings = {
				BUNDLE_LOADER = "$(TEST_HOST)";
				GENERATE_INFOPLIST_FILE = YES;
				IPHONEOS_DEPLOYMENT_TARGET = 26.0;
				LD_RUNPATH_SEARCH_PATHS = (
					"$(inherited)",
					"@executable_path/Frameworks",
					"@loader_path/Frameworks",
				);
				PRODUCT_BUNDLE_IDENTIFIER = com.example.LaterrrTests;
				SDKROOT = iphoneos;
				TARGETED_DEVICE_FAMILY = "1,2";
				TEST_HOST = "$(BUILT_PRODUCTS_DIR)/Laterrr.app/Laterrr";
			};
			name = Release;
		};
		74BF105B5520A2265E38D676 /* Release */ = {
			isa = XCBuildConfiguration;
			buildSettings = {
				ALWAYS_SEARCH_USER_PATHS = NO;
				CLANG_ANALYZER_NONNULL = YES;
				CLANG_ANALYZER_NUMBER_OBJECT_CONVERSION = YES_AGGRESSIVE;
				CLANG_CXX_LANGUAGE_STANDARD = "gnu++14";
				CLANG_CXX_LIBRARY = "libc++";
				CLANG_ENABLE_MODULES = YES;
				CLANG_ENABLE_OBJC_ARC = YES;
				CLANG_ENABLE_OBJC_WEAK = YES;
				CLANG_WARN_BLOCK_CAPTURE_AUTORELEASING = YES;
				CLANG_WARN_BOOL_CONVERSION = YES;
				CLANG_WARN_COMMA = YES;
				CLANG_WARN_CONSTANT_CONVERSION = YES;
				CLANG_WARN_DEPRECATED_OBJC_IMPLEMENTATIONS = YES;
				CLANG_WARN_DIRECT_OBJC_ISA_USAGE = YES_ERROR;
				CLANG_WARN_DOCUMENTATION_COMMENTS = YES;
				CLANG_WARN_EMPTY_BODY = YES;
				CLANG_WARN_ENUM_CONVERSION = YES;
				CLANG_WARN_INFINITE_RECURSION = YES;
				CLANG_WARN_INT_CONVERSION = YES;
				CLANG_WARN_NON_LITERAL_NULL_CONVERSION = YES;
				CLANG_WARN_OBJC_IMPLICIT_RETAIN_SELF = YES;
				CLANG_WARN_OBJC_LITERAL_CONVERSION = YES;
				CLANG_WARN_OBJC_ROOT_CLASS = YES_ERROR;
				CLANG_WARN_QUOTED_INCLUDE_IN_FRAMEWORK_HEADER = YES;
				CLANG_WARN_RANGE_LOOP_ANALYSIS = YES;
				CLANG_WARN_STRICT_PROTOTYPES = YES;
				CLANG_WARN_SUSPICIOUS_MOVE = YES;
				CLANG_WARN_UNGUARDED_AVAILABILITY = YES_AGGRESSIVE;
				CLANG_WARN_UNREACHABLE_CODE = YES;
				CLANG_WARN__DUPLICATE_METHOD_MATCH = YES;
				COPY_PHASE_STRIP = NO;
				CURRENT_PROJECT_VERSION = 1;
				DEBUG_INFORMATION_FORMAT = "dwarf-with-dsym";
				ENABLE_NS_ASSERTIONS = NO;
				ENABLE_PREVIEWS = YES;
				ENABLE_STRICT_OBJC_MSGSEND = YES;
				GCC_C_LANGUAGE_STANDARD = gnu11;
				GCC_NO_COMMON_BLOCKS = YES;
				GCC_WARN_64_TO_32_BIT_CONVERSION = YES;
				GCC_WARN_ABOUT_RETURN_TYPE = YES_ERROR;
				GCC_WARN_UNDECLARED_SELECTOR = YES;
				GCC_WARN_UNINITIALIZED_AUTOS = YES_AGGRESSIVE;
				GCC_WARN_UNUSED_FUNCTION = YES;
				GCC_WARN_UNUSED_VARIABLE = YES;
				MARKETING_VERSION = 0.1.0;
				MTL_ENABLE_DEBUG_INFO = NO;
				MTL_FAST_MATH = YES;
				PRODUCT_NAME = "$(TARGET_NAME)";
				SDKROOT = iphoneos;
				SWIFT_COMPILATION_MODE = wholemodule;
				SWIFT_EMIT_LOC_STRINGS = YES;
				SWIFT_OPTIMIZATION_LEVEL = "-O";
				SWIFT_VERSION = 6.0;
			};
			name = Release;
		};
		7F16262FEBA39ECB6C710A1F /* Debug */ = {
			isa = XCBuildConfiguration;
			buildSettings = {
				ASSETCATALOG_COMPILER_APPICON_NAME = AppIcon;
				CODE_SIGN_ENTITLEMENTS = Laterrr/Laterrr.entitlements;
				CODE_SIGN_IDENTITY = "iPhone Developer";
				DEVELOPMENT_TEAM = Y87N56NU8Z;
				GENERATE_INFOPLIST_FILE = YES;
				INFOPLIST_KEY_CFBundleDisplayName = laterrr;
				INFOPLIST_KEY_NSCameraUsageDescription = "laterrr opens straight into camera mode so you can identify nearby cafes and restaurants from a photo.";
				INFOPLIST_KEY_NSLocationWhenInUseUsageDescription = "laterrr uses your location to compare the photo against nearby venues in Apple Maps.";
				INFOPLIST_KEY_NSPhotoLibraryAddUsageDescription = "laterrr can keep a photo snapshot with each saved place when you want visual memory.";
				INFOPLIST_KEY_NSPhotoLibraryUsageDescription = "laterrr can import a venue photo from your library when you do not want to shoot live.";
				INFOPLIST_KEY_UIApplicationSupportsIndirectInputEvents = YES;
				INFOPLIST_KEY_UILaunchScreen_Generation = YES;
				INFOPLIST_KEY_UISupportedInterfaceOrientations_iPad = "UIInterfaceOrientationPortrait UIInterfaceOrientationPortraitUpsideDown UIInterfaceOrientationLandscapeLeft UIInterfaceOrientationLandscapeRight";
				INFOPLIST_KEY_UISupportedInterfaceOrientations_iPhone = "UIInterfaceOrientationPortrait UIInterfaceOrientationLandscapeLeft UIInterfaceOrientationLandscapeRight";
				IPHONEOS_DEPLOYMENT_TARGET = 26.0;
				LD_RUNPATH_SEARCH_PATHS = (
					"$(inherited)",
					"@executable_path/Frameworks",
				);
				PRODUCT_BUNDLE_IDENTIFIER = co.amo.com.example.Laterrr;
				SDKROOT = iphoneos;
				SUPPORTS_MACCATALYST = NO;
				TARGETED_DEVICE_FAMILY = "1,2";
			};
			name = Debug;
		};
		9D19E7AEA1B99EE7D6BCA094 /* Debug */ = {
			isa = XCBuildConfiguration;
			buildSettings = {
				APPLICATION_EXTENSION_API_ONLY = YES;
				CODE_SIGN_ENTITLEMENTS = LaterrrShareExtension/LaterrrShareExtension.entitlements;
				DEVELOPMENT_TEAM = Y87N56NU8Z;
				GENERATE_INFOPLIST_FILE = NO;
				INFOPLIST_FILE = LaterrrShareExtension/Info.plist;
				IPHONEOS_DEPLOYMENT_TARGET = 26.0;
				LD_RUNPATH_SEARCH_PATHS = (
					"$(inherited)",
					"@executable_path/Frameworks",
					"@executable_path/../../Frameworks",
				);
				PRODUCT_BUNDLE_IDENTIFIER = co.amo.com.example.Laterrr.ShareExtension;
				SDKROOT = iphoneos;
				SUPPORTS_MACCATALYST = NO;
				TARGETED_DEVICE_FAMILY = "1,2";
			};
			name = Debug;
		};
/* End XCBuildConfiguration section */

/* Begin XCConfigurationList section */
		277E7E09785A44AD11185EEC /* Build configuration list for PBXProject "Laterrr" */ = {
			isa = XCConfigurationList;
			buildConfigurations = (
				519F9ACC630B074CC1FB4D6F /* Debug */,
				74BF105B5520A2265E38D676 /* Release */,
			);
			defaultConfigurationIsVisible = 0;
			defaultConfigurationName = Debug;
		};
		5DD737613E96CD29D76C6F87 /* Build configuration list for PBXNativeTarget "LaterrrTests" */ = {
			isa = XCConfigurationList;
			buildConfigurations = (
				34BC59141D449B82E977FAE0 /* Debug */,
				67A5CA100764E3687A0D1749 /* Release */,
			);
			defaultConfigurationIsVisible = 0;
			defaultConfigurationName = Debug;
		};
		83F58245680507D15FDEC0C1 /* Build configuration list for PBXNativeTarget "Laterrr" */ = {
			isa = XCConfigurationList;
			buildConfigurations = (
				7F16262FEBA39ECB6C710A1F /* Debug */,
				1B74064EDC60DE1F45D1C8C1 /* Release */,
			);
			defaultConfigurationIsVisible = 0;
			defaultConfigurationName = Debug;
		};
		DCCBE0B46F04D9489CBD2FC6 /* Build configuration list for PBXNativeTarget "LaterrrShareExtension" */ = {
			isa = XCConfigurationList;
			buildConfigurations = (
				9D19E7AEA1B99EE7D6BCA094 /* Debug */,
				3276034628D3E95BB17A427E /* Release */,
			);
			defaultConfigurationIsVisible = 0;
			defaultConfigurationName = Debug;
		};
/* End XCConfigurationList section */
	};
	rootObject = 105F6FEF4BC3339D0CABE0B0 /* Project object */;
}
